
Microsoft Visual Studio Solution File, Format Version 11.00
# Visual Studio 2010
Project("{FAE04EC0-301F-11D3-BF4B-00C04F79EFBC}") = "AForgeTest", "AForgeTest\AForgeTest.csproj", "{F44B9E94-D694-4EC8-AF3F-763D088DAA50}"
EndProject
Project("{2150E333-8FDC-42A3-9474-1A3956D46DE8}") = "Solution Items", "Solution Items", "{FAD0D2F2-C150-4522-8555-833E1A88BFBE}"
	ProjectSection(SolutionItems) = preProject
		Project Build Out Notes.txt = Project Build Out Notes.txt
	EndProjectSection
EndProject
Global
	GlobalSection(SolutionConfigurationPlatforms) = preSolution
		Debug|x86 = Debug|x86
		Release|x86 = Release|x86
	EndGlobalSection
	GlobalSection(ProjectConfigurationPlatforms) = postSolution
		{F44B9E94-D694-4EC8-AF3F-763D088DAA50}.Debug|x86.ActiveCfg = Debug|x86
		{F44B9E94-D694-4EC8-AF3F-763D088DAA50}.Debug|x86.Build.0 = Debug|x86
		{F44B9E94-D694-4EC8-AF3F-763D088DAA50}.Release|x86.ActiveCfg = Release|x86
		{F44B9E94-D694-4EC8-AF3F-763D088DAA50}.Release|x86.Build.0 = Release|x86
	EndGlobalSection
	GlobalSection(SolutionProperties) = preSolution
		HideSolutionNode = FALSE
	EndGlobalSection
EndGlobal
